
Microsoft Visual Studio Solution File, Format Version 12.00
# Visual Studio Version 17
VisualStudioVersion = 17.5.33516.290
MinimumVisualStudioVersion = 10.0.40219.1
Project("{9A19103F-16F7-4668-BE54-9A1E7A4F7556}") = "GoodHamburger.Api", "GoodHamburger\GoodHamburger.Api.csproj", "{A2507E90-8302-40E3-9364-5BBBCAF92431}"
EndProject
Project("{FAE04EC0-301F-11D3-BF4B-00C04F79EFBC}") = "GoodHamburger.Domain", "GoodHamburger.Domain\GoodHamburger.Domain.csproj", "{70FE490B-00A7-4790-9FD9-91A12AE65E0B}"
EndProject
Project("{FAE04EC0-301F-11D3-BF4B-00C04F79EFBC}") = "GoodHamburger.Application", "GoodHamburger.Application\GoodHamburger.Application.csproj", "{9F091DF9-ED58-4502-8E42-BBB940EAAF4E}"
EndProject
Project("{FAE04EC0-301F-11D3-BF4B-00C04F79EFBC}") = "GoodHamburger.Infrastructure.Data", "GoodHamburger.Infrastructure\GoodHamburger.Infrastructure.Data.csproj", "{53019F31-A86F-458C-9F59-7417B662506F}"
EndProject
Global
	GlobalSection(SolutionConfigurationPlatforms) = preSolution
		Debug|Any CPU = Debug|Any CPU
		Release|Any CPU = Release|Any CPU
	EndGlobalSection
	GlobalSection(ProjectConfigurationPlatforms) = postSolution
		{A2507E90-8302-40E3-9364-5BBBCAF92431}.Debug|Any CPU.ActiveCfg = Debug|Any CPU
		{A2507E90-8302-40E3-9364-5BBBCAF92431}.Debug|Any CPU.Build.0 = Debug|Any CPU
		{A2507E90-8302-40E3-9364-5BBBCAF92431}.Release|Any CPU.ActiveCfg = Release|Any CPU
		{A2507E90-8302-40E3-9364-5BBBCAF92431}.Release|Any CPU.Build.0 = Release|Any CPU
		{70FE490B-00A7-4790-9FD9-91A12AE65E0B}.Debug|Any CPU.ActiveCfg = Debug|Any CPU
		{70FE490B-00A7-4790-9FD9-91A12AE65E0B}.Debug|Any CPU.Build.0 = Debug|Any CPU
		{70FE490B-00A7-4790-9FD9-91A12AE65E0B}.Release|Any CPU.ActiveCfg = Release|Any CPU
		{70FE490B-00A7-4790-9FD9-91A12AE65E0B}.Release|Any CPU.Build.0 = Release|Any CPU
		{9F091DF9-ED58-4502-8E42-BBB940EAAF4E}.Debug|Any CPU.ActiveCfg = Debug|Any CPU
		{9F091DF9-ED58-4502-8E42-BBB940EAAF4E}.Debug|Any CPU.Build.0 = Debug|Any CPU
		{9F091DF9-ED58-4502-8E42-BBB940EAAF4E}.Release|Any CPU.ActiveCfg = Release|Any CPU
		{9F091DF9-ED58-4502-8E42-BBB940EAAF4E}.Release|Any CPU.Build.0 = Release|Any CPU
		{53019F31-A86F-458C-9F59-7417B662506F}.Debug|Any CPU.ActiveCfg = Debug|Any CPU
		{53019F31-A86F-458C-9F59-7417B662506F}.Debug|Any CPU.Build.0 = Debug|Any CPU
		{53019F31-A86F-458C-9F59-7417B662506F}.Release|Any CPU.ActiveCfg = Release|Any CPU
		{53019F31-A86F-458C-9F59-7417B662506F}.Release|Any CPU.Build.0 = Release|Any CPU
	EndGlobalSection
	GlobalSection(SolutionProperties) = preSolution
		HideSolutionNode = FALSE
	EndGlobalSection
	GlobalSection(ExtensibilityGlobals) = postSolution
		SolutionGuid = {1FCE4C62-8578-41B7-AFEB-0986D74B6B1C}
	EndGlobalSection
EndGlobal
